
Microsoft Visual Studio Solution File, Format Version 12.00
# Visual Studio Version 17
VisualStudioVersion = 17.8.34408.163
MinimumVisualStudioVersion = 10.0.40219.1
Project("{8BC9CEB8-8B4A-11D0-8D11-00A0C91BC942}") = "injector_x86", "injector\injector.vcxproj", "{FE7A8839-D64C-458A-B821-A8E8206E8A52}"
EndProject
Project("{8BC9CEB8-8B4A-11D0-8D11-00A0C91BC942}") = "gui", "gui\gui.vcxproj", "{80E6DA32-6529-424B-A18B-8BBFAD7F8405}"
EndProject
Project("{8BC9CEB8-8B4A-11D0-8D11-00A0C91BC942}") = "injector_x64", "injector_x64\injector_x64.vcxproj", "{64FF1C20-A50D-4F25-B7A1-ED9DCAB51DC1}"
EndProject
Project("{8BC9CEB8-8B4A-11D0-8D11-00A0C91BC942}") = "injector_cmd", "injector_cmd\injector_cmd.vcxproj", "{A6A66F81-410F-4FCD-B851-FBA66F943CFD}"
EndProject
Project("{2150E333-8FDC-42A3-9474-1A3956D46DE8}") = "dlls", "dlls", "{41CA77FD-DF96-4471-91F2-044C166A6BEC}"
EndProject
Global
	GlobalSection(SolutionConfigurationPlatforms) = preSolution
		Debug|x64 = Debug|x64
		Debug|x86 = Debug|x86
		Release|x64 = Release|x64
		Release|x86 = Release|x86
	EndGlobalSection
	GlobalSection(ProjectConfigurationPlatforms) = postSolution
		{FE7A8839-D64C-458A-B821-A8E8206E8A52}.Debug|x64.ActiveCfg = Debug|x64
		{FE7A8839-D64C-458A-B821-A8E8206E8A52}.Debug|x64.Build.0 = Debug|x64
		{FE7A8839-D64C-458A-B821-A8E8206E8A52}.Debug|x86.ActiveCfg = Debug|Win32
		{FE7A8839-D64C-458A-B821-A8E8206E8A52}.Debug|x86.Build.0 = Debug|Win32
		{FE7A8839-D64C-458A-B821-A8E8206E8A52}.Release|x64.ActiveCfg = Release|Win32
		{FE7A8839-D64C-458A-B821-A8E8206E8A52}.Release|x64.Build.0 = Release|Win32
		{FE7A8839-D64C-458A-B821-A8E8206E8A52}.Release|x86.ActiveCfg = Release|Win32
		{FE7A8839-D64C-458A-B821-A8E8206E8A52}.Release|x86.Build.0 = Release|Win32
		{80E6DA32-6529-424B-A18B-8BBFAD7F8405}.Debug|x64.ActiveCfg = Debug|x64
		{80E6DA32-6529-424B-A18B-8BBFAD7F8405}.Debug|x64.Build.0 = Debug|x64
		{80E6DA32-6529-424B-A18B-8BBFAD7F8405}.Debug|x86.ActiveCfg = Debug|Win32
		{80E6DA32-6529-424B-A18B-8BBFAD7F8405}.Debug|x86.Build.0 = Debug|Win32
		{80E6DA32-6529-424B-A18B-8BBFAD7F8405}.Release|x64.ActiveCfg = Release|x64
		{80E6DA32-6529-424B-A18B-8BBFAD7F8405}.Release|x64.Build.0 = Release|x64
		{80E6DA32-6529-424B-A18B-8BBFAD7F8405}.Release|x86.ActiveCfg = Release|Win32
		{80E6DA32-6529-424B-A18B-8BBFAD7F8405}.Release|x86.Build.0 = Release|Win32
		{64FF1C20-A50D-4F25-B7A1-ED9DCAB51DC1}.Debug|x64.ActiveCfg = Debug|x64
		{64FF1C20-A50D-4F25-B7A1-ED9DCAB51DC1}.Debug|x64.Build.0 = Debug|x64
		{64FF1C20-A50D-4F25-B7A1-ED9DCAB51DC1}.Debug|x86.ActiveCfg = Debug|Win32
		{64FF1C20-A50D-4F25-B7A1-ED9DCAB51DC1}.Debug|x86.Build.0 = Debug|Win32
		{64FF1C20-A50D-4F25-B7A1-ED9DCAB51DC1}.Release|x64.ActiveCfg = Release|x64
		{64FF1C20-A50D-4F25-B7A1-ED9DCAB51DC1}.Release|x64.Build.0 = Release|x64
		{64FF1C20-A50D-4F25-B7A1-ED9DCAB51DC1}.Release|x86.ActiveCfg = Release|Win32
		{64FF1C20-A50D-4F25-B7A1-ED9DCAB51DC1}.Release|x86.Build.0 = Release|Win32
		{A6A66F81-410F-4FCD-B851-FBA66F943CFD}.Debug|x64.ActiveCfg = Debug|x64
		{A6A66F81-410F-4FCD-B851-FBA66F943CFD}.Debug|x64.Build.0 = Debug|x64
		{A6A66F81-410F-4FCD-B851-FBA66F943CFD}.Debug|x86.ActiveCfg = Debug|Win32
		{A6A66F81-410F-4FCD-B851-FBA66F943CFD}.Debug|x86.Build.0 = Debug|Win32
		{A6A66F81-410F-4FCD-B851-FBA66F943CFD}.Release|x64.ActiveCfg = Release|x64
		{A6A66F81-410F-4FCD-B851-FBA66F943CFD}.Release|x64.Build.0 = Release|x64
		{A6A66F81-410F-4FCD-B851-FBA66F943CFD}.Release|x86.ActiveCfg = Release|Win32
		{A6A66F81-410F-4FCD-B851-FBA66F943CFD}.Release|x86.Build.0 = Release|Win32
	EndGlobalSection
	GlobalSection(SolutionProperties) = preSolution
		HideSolutionNode = FALSE
	EndGlobalSection
	GlobalSection(NestedProjects) = preSolution
		{FE7A8839-D64C-458A-B821-A8E8206E8A52} = {41CA77FD-DF96-4471-91F2-044C166A6BEC}
		{64FF1C20-A50D-4F25-B7A1-ED9DCAB51DC1} = {41CA77FD-DF96-4471-91F2-044C166A6BEC}
	EndGlobalSection
	GlobalSection(ExtensibilityGlobals) = postSolution
		SolutionGuid = {41B05F5B-A824-433A-9828-B1B8819A4713}
	EndGlobalSection
EndGlobal
